// !$*UTF8*$!
{
	archiveVersion = 1;
	classes = {
	};
	objectVersion = 51;
	objects = {

/* Begin PBXBuildFile section */
		27D2A9D57C18D98B480FD4E0 /* Pods_Test.framework in Frameworks */ = {isa = PBXBuildFile; fileRef = 9E8D870D8A41D4230BD6740F /* Pods_Test.framework */; };
		E3699CE8238783B800DFC3F0 /* WyMessageViewController.m in Sources */ = {isa = PBXBuildFile; fileRef = E3699CE7238783B800DFC3F0 /* WyMessageViewController.m */; };
		E3699CEC2387840300DFC3F0 /* WyMessageCollectionViewCell.m in Sources */ = {isa = PBXBuildFile; fileRef = E3699CEA2387840300DFC3F0 /* WyMessageCollectionViewCell.m */; };
		E3699CED2387840300DFC3F0 /* WyMessageCollectionViewCell.xib in Resources */ = {isa = PBXBuildFile; fileRef = E3699CEB2387840300DFC3F0 /* WyMessageCollectionViewCell.xib */; };
		E3699CF02387862C00DFC3F0 /* WyMessageTableViewViewController.m in Sources */ = {isa = PBXBuildFile; fileRef = E3699CEF2387862C00DFC3F0 /* WyMessageTableViewViewController.m */; };
		E3699CF42387868600DFC3F0 /* WYMessageTableViewCell.m in Sources */ = {isa = PBXBuildFile; fileRef = E3699CF22387868600DFC3F0 /* WYMessageTableViewCell.m */; };
		E3699CF52387868600DFC3F0 /* WYMessageTableViewCell.xib in Resources */ = {isa = PBXBuildFile; fileRef = E3699CF32387868600DFC3F0 /* WYMessageTableViewCell.xib */; };
		E3699CF82387898200DFC3F0 /* message.m in Sources */ = {isa = PBXBuildFile; fileRef = E3699CF72387898200DFC3F0 /* message.m */; };
		E3D56DE923837D8100786FA9 /* AppDelegate.m in Sources */ = {isa = PBXBuildFile; fileRef = E3D56DE823837D8100786FA9 /* AppDelegate.m */; };
		E3D56DEC23837D8100786FA9 /* SceneDelegate.m in Sources */ = {isa = PBXBuildFile; fileRef = E3D56DEB23837D8100786FA9 /* SceneDelegate.m */; };
		E3D56DEF23837D8100786FA9 /* ViewController.m in Sources */ = {isa = PBXBuildFile; fileRef = E3D56DEE23837D8100786FA9 /* ViewController.m */; };
		E3D56DF223837D8100786FA9 /* Main.storyboard in Resources */ = {isa = PBXBuildFile; fileRef = E3D56DF023837D8100786FA9 /* Main.storyboard */; };
		E3D56DF423837D8300786FA9 /* Assets.xcassets in Resources */ = {isa = PBXBuildFile; fileRef = E3D56DF323837D8300786FA9 /* Assets.xcassets */; };
		E3D56DF723837D8300786FA9 /* LaunchScreen.storyboard in Resources */ = {isa = PBXBuildFile; fileRef = E3D56DF523837D8300786FA9 /* LaunchScreen.storyboard */; };
		E3D56DFA23837D8300786FA9 /* main.m in Sources */ = {isa = PBXBuildFile; fileRef = E3D56DF923837D8300786FA9 /* main.m */; };
/* End PBXBuildFile section */

/* Begin PBXFileReference section */
		649700A8F9B045260D5ADD23 /* Pods-Test.release.xcconfig */ = {isa = PBXFileReference; includeInIndex = 1; lastKnownFileType = text.xcconfig; name = "Pods-Test.release.xcconfig"; path = "Target Support Files/Pods-Test/Pods-Test.release.xcconfig"; sourceTree = "<group>"; };
		85D6A95DDEE52D284293D381 /* Pods-Test.debug.xcconfig */ = {isa = PBXFileReference; includeInIndex = 1; lastKnownFileType = text.xcconfig; name = "Pods-Test.debug.xcconfig"; path = "Target Support Files/Pods-Test/Pods-Test.debug.xcconfig"; sourceTree = "<group>"; };
		9E8D870D8A41D4230BD6740F /* Pods_Test.framework */ = {isa = PBXFileReference; explicitFileType = wrapper.framework; includeInIndex = 0; path = Pods_Test.framework; sourceTree = BUILT_PRODUCTS_DIR; };
		E3699CE6238783B800DFC3F0 /* WyMessageViewController.h */ = {isa = PBXFileReference; lastKnownFileType = sourcecode.c.h; path = WyMessageViewController.h; sourceTree = "<group>"; };
		E3699CE7238783B800DFC3F0 /* WyMessageViewController.m */ = {isa = PBXFileReference; lastKnownFileType = sourcecode.c.objc; path = WyMessageViewController.m; sourceTree = "<group>"; };
		E3699CE92387840300DFC3F0 /* WyMessageCollectionViewCell.h */ = {isa = PBXFileReference; lastKnownFileType = sourcecode.c.h; path = WyMessageCollectionViewCell.h; sourceTree = "<group>"; };
		E3699CEA2387840300DFC3F0 /* WyMessageCollectionViewCell.m */ = {isa = PBXFileReference; lastKnownFileType = sourcecode.c.objc; path = WyMessageCollectionViewCell.m; sourceTree = "<group>"; };
		E3699CEB2387840300DFC3F0 /* WyMessageCollectionViewCell.xib */ = {isa = PBXFileReference; lastKnownFileType = file.xib; path = WyMessageCollectionViewCell.xib; sourceTree = "<group>"; };
		E3699CEE2387862C00DFC3F0 /* WyMessageTableViewViewController.h */ = {isa = PBXFileReference; lastKnownFileType = sourcecode.c.h; path = WyMessageTableViewViewController.h; sourceTree = "<group>"; };
		E3699CEF2387862C00DFC3F0 /* WyMessageTableViewViewController.m */ = {isa = PBXFileReference; lastKnownFileType = sourcecode.c.objc; path = WyMessageTableViewViewController.m; sourceTree = "<group>"; };
		E3699CF12387868600DFC3F0 /* WYMessageTableViewCell.h */ = {isa = PBXFileReference; lastKnownFileType = sourcecode.c.h; path = WYMessageTableViewCell.h; sourceTree = "<group>"; };
		E3699CF22387868600DFC3F0 /* WYMessageTableViewCell.m */ = {isa = PBXFileReference; lastKnownFileType = sourcecode.c.objc; path = WYMessageTableViewCell.m; sourceTree = "<group>"; };
		E3699CF32387868600DFC3F0 /* WYMessageTableViewCell.xib */ = {isa = PBXFileReference; lastKnownFileType = file.xib; path = WYMessageTableViewCell.xib; sourceTree = "<group>"; };
		E3699CF62387898200DFC3F0 /* message.h */ = {isa = PBXFileReference; lastKnownFileType = sourcecode.c.h; path = message.h; sourceTree = "<group>"; };
		E3699CF72387898200DFC3F0 /* message.m */ = {isa = PBXFileReference; lastKnownFileType = sourcecode.c.objc; path = message.m; sourceTree = "<group>"; };
		E3D56DE423837D8100786FA9 /* nuonuo.app */ = {isa = PBXFileReference; explicitFileType = wrapper.application; includeInIndex = 0; path = nuonuo.app; sourceTree = BUILT_PRODUCTS_DIR; };
		E3D56DE723837D8100786FA9 /* AppDelegate.h */ = {isa = PBXFileReference; lastKnownFileType = sourcecode.c.h; path = AppDelegate.h; sourceTree = "<group>"; };
		E3D56DE823837D8100786FA9 /* AppDelegate.m */ = {isa = PBXFileReference; lastKnownFileType = sourcecode.c.objc; path = AppDelegate.m; sourceTree = "<group>"; };
		E3D56DEA23837D8100786FA9 /* SceneDelegate.h */ = {isa = PBXFileReference; lastKnownFileType = sourcecode.c.h; path = SceneDelegate.h; sourceTree = "<group>"; };
		E3D56DEB23837D8100786FA9 /* SceneDelegate.m */ = {isa = PBXFileReference; lastKnownFileType = sourcecode.c.objc; path = SceneDelegate.m; sourceTree = "<group>"; };
		E3D56DED23837D8100786FA9 /* ViewController.h */ = {isa = PBXFileReference; lastKnownFileType = sourcecode.c.h; path = ViewController.h; sourceTree = "<group>"; };
		E3D56DEE23837D8100786FA9 /* ViewController.m */ = {isa = PBXFileReference; lastKnownFileType = sourcecode.c.objc; path = ViewController.m; sourceTree = "<group>"; };
		E3D56DF123837D8100786FA9 /* Base */ = {isa = PBXFileReference; lastKnownFileType = file.storyboard; name = Base; path = Base.lproj/Main.storyboard; sourceTree = "<group>"; };
		E3D56DF323837D8300786FA9 /* Assets.xcassets */ = {isa = PBXFileReference; lastKnownFileType = folder.assetcatalog; path = Assets.xcassets; sourceTree = "<group>"; };
		E3D56DF623837D8300786FA9 /* Base */ = {isa = PBXFileReference; lastKnownFileType = file.storyboard; name = Base; path = Base.lproj/LaunchScreen.storyboard; sourceTree = "<group>"; };
		E3D56DF823837D8300786FA9 /* Info.plist */ = {isa = PBXFileReference; lastKnownFileType = text.plist.xml; path = Info.plist; sourceTree = "<group>"; };
		E3D56DF923837D8300786FA9 /* main.m */ = {isa = PBXFileReference; lastKnownFileType = sourcecode.c.objc; path = main.m; sourceTree = "<group>"; };
/* End PBXFileReference section */

/* Begin PBXFrameworksBuildPhase section */
		E3D56DE123837D8100786FA9 /* Frameworks */ = {
			isa = PBXFrameworksBuildPhase;
			buildActionMask = 2147483647;
			files = (
				27D2A9D57C18D98B480FD4E0 /* Pods_Test.framework in Frameworks */,
			);
			runOnlyForDeploymentPostprocessing = 0;
		};
/* End PBXFrameworksBuildPhase section */

/* Begin PBXGroup section */
		2A0A93C9B4572A8F50B15C89 /* Frameworks */ = {
			isa = PBXGroup;
			children = (
				9E8D870D8A41D4230BD6740F /* Pods_Test.framework */,
			);
			name = Frameworks;
			sourceTree = "<group>";
		};
		AFC7103A12200963D7B02CEF /* Pods */ = {
			isa = PBXGroup;
			children = (
				85D6A95DDEE52D284293D381 /* Pods-Test.debug.xcconfig */,
				649700A8F9B045260D5ADD23 /* Pods-Test.release.xcconfig */,
			);
			path = Pods;
			sourceTree = "<group>";
		};
		E3D56DDB23837D8100786FA9 = {
			isa = PBXGroup;
			children = (
				E3D56DE623837D8100786FA9 /* Test */,
				E3D56DE523837D8100786FA9 /* Products */,
				AFC7103A12200963D7B02CEF /* Pods */,
				2A0A93C9B4572A8F50B15C89 /* Frameworks */,
			);
			sourceTree = "<group>";
		};
		E3D56DE523837D8100786FA9 /* Products */ = {
			isa = PBXGroup;
			children = (
				E3D56DE423837D8100786FA9 /* nuonuo.app */,
			);
			name = Products;
			sourceTree = "<group>";
		};
		E3D56DE623837D8100786FA9 /* Test */ = {
			isa = PBXGroup;
			children = (
				E3D56DE723837D8100786FA9 /* AppDelegate.h */,
				E3D56DE823837D8100786FA9 /* AppDelegate.m */,
				E3D56DEA23837D8100786FA9 /* SceneDelegate.h */,
				E3D56DEB23837D8100786FA9 /* SceneDelegate.m */,
				E3D56DED23837D8100786FA9 /* ViewController.h */,
				E3D56DEE23837D8100786FA9 /* ViewController.m */,
				E3D56DF023837D8100786FA9 /* Main.storyboard */,
				E3D56DF323837D8300786FA9 /* Assets.xcassets */,
				E3699CE6238783B800DFC3F0 /* WyMessageViewController.h */,
				E3699CE7238783B800DFC3F0 /* WyMessageViewController.m */,
				E3699CEE2387862C00DFC3F0 /* WyMessageTableViewViewController.h */,
				E3699CEF2387862C00DFC3F0 /* WyMessageTableViewViewController.m */,
				E3699CF12387868600DFC3F0 /* WYMessageTableViewCell.h */,
				E3699CF22387868600DFC3F0 /* WYMessageTableViewCell.m */,
				E3699CF32387868600DFC3F0 /* WYMessageTableViewCell.xib */,
				E3699CF62387898200DFC3F0 /* message.h */,
				E3699CF72387898200DFC3F0 /* message.m */,
				E3699CE92387840300DFC3F0 /* WyMessageCollectionViewCell.h */,
				E3699CEA2387840300DFC3F0 /* WyMessageCollectionViewCell.m */,
				E3699CEB2387840300DFC3F0 /* WyMessageCollectionViewCell.xib */,
				E3D56DF523837D8300786FA9 /* LaunchScreen.storyboard */,
				E3D56DF823837D8300786FA9 /* Info.plist */,
				E3D56DF923837D8300786FA9 /* main.m */,
			);
			path = Test;
			sourceTree = "<group>";
		};
/* End PBXGroup section */

/* Begin PBXNativeTarget section */
		E3D56DE323837D8100786FA9 /* Test */ = {
			isa = PBXNativeTarget;
			buildConfigurationList = E3D56DFD23837D8300786FA9 /* Build configuration list for PBXNativeTarget "Test" */;
			buildPhases = (
				44E98E6DB1755BE47D4252D9 /* [CP] Check Pods Manifest.lock */,
				E3D56DE023837D8100786FA9 /* Sources */,
				E3D56DE123837D8100786FA9 /* Frameworks */,
				E3D56DE223837D8100786FA9 /* Resources */,
				58386A00F1F3DB5A29204A80 /* [CP] Embed Pods Frameworks */,
			);
			buildRules = (
			);
			dependencies = (
			);
			name = Test;
			productName = Test;
			productReference = E3D56DE423837D8100786FA9 /* nuonuo.app */;
			productType = "com.apple.product-type.application";
		};
/* End PBXNativeTarget section */

/* Begin PBXProject section */
		E3D56DDC23837D8100786FA9 /* Project object */ = {
			isa = PBXProject;
			attributes = {
				LastUpgradeCheck = 1120;
				ORGANIZATIONNAME = "王焱";
				TargetAttributes = {
					E3D56DE323837D8100786FA9 = {
						CreatedOnToolsVersion = 11.2.1;
					};
				};
			};
			buildConfigurationList = E3D56DDF23837D8100786FA9 /* Build configuration list for PBXProject "Test" */;
			compatibilityVersion = "Xcode 9.3";
			developmentRegion = en;
			hasScannedForEncodings = 0;
			knownRegions = (
				en,
				Base,
			);
			mainGroup = E3D56DDB23837D8100786FA9;
			productRefGroup = E3D56DE523837D8100786FA9 /* Products */;
			projectDirPath = "";
			projectRoot = "";
			targets = (
				E3D56DE323837D8100786FA9 /* Test */,
			);
		};
/* End PBXProject section */

/* Begin PBXResourcesBuildPhase section */
		E3D56DE223837D8100786FA9 /* Resources */ = {
			isa = PBXResourcesBuildPhase;
			buildActionMask = 2147483647;
			files = (
				E3699CED2387840300DFC3F0 /* WyMessageCollectionViewCell.xib in Resources */,
				E3D56DF723837D8300786FA9 /* LaunchScreen.storyboard in Resources */,
				E3D56DF423837D8300786FA9 /* Assets.xcassets in Resources */,
				E3699CF52387868600DFC3F0 /* WYMessageTableViewCell.xib in Resources */,
				E3D56DF223837D8100786FA9 /* Main.storyboard in Resources */,
			);
			runOnlyForDeploymentPostprocessing = 0;
		};
/* End PBXResourcesBuildPhase section */

/* Begin PBXShellScriptBuildPhase section */
		44E98E6DB1755BE47D4252D9 /* [CP] Check Pods Manifest.lock */ = {
			isa = PBXShellScriptBuildPhase;
			buildActionMask = 2147483647;
			files = (
			);
			inputFileListPaths = (
			);
			inputPaths = (
				"${PODS_PODFILE_DIR_PATH}/Podfile.lock",
				"${PODS_ROOT}/Manifest.lock",
			);
			name = "[CP] Check Pods Manifest.lock";
			outputFileListPaths = (
			);
			outputPaths = (
				"$(DERIVED_FILE_DIR)/Pods-Test-checkManifestLockResult.txt",
			);
			runOnlyForDeploymentPostprocessing = 0;
			shellPath = /bin/sh;
			shellScript = "diff \"${PODS_PODFILE_DIR_PATH}/Podfile.lock\" \"${PODS_ROOT}/Manifest.lock\" > /dev/null\nif [ $? != 0 ] ; then\n    # print error to STDERR\n    echo \"error: The sandbox is not in sync with the Podfile.lock. Run 'pod install' or update your CocoaPods installation.\" >&2\n    exit 1\nfi\n# This output is used by Xcode 'outputs' to avoid re-running this script phase.\necho \"SUCCESS\" > \"${SCRIPT_OUTPUT_FILE_0}\"\n";
			showEnvVarsInLog = 0;
		};
		58386A00F1F3DB5A29204A80 /* [CP] Embed Pods Frameworks */ = {
			isa = PBXShellScriptBuildPhase;
			buildActionMask = 2147483647;
			files = (
			);
			inputFileListPaths = (
				"${PODS_ROOT}/Target Support Files/Pods-Test/Pods-Test-frameworks-${CONFIGURATION}-input-files.xcfilelist",
			);
			name = "[CP] Embed Pods Frameworks";
			outputFileListPaths = (
				"${PODS_ROOT}/Target Support Files/Pods-Test/Pods-Test-frameworks-${CONFIGURATION}-output-files.xcfilelist",
			);
			runOnlyForDeploymentPostprocessing = 0;
			shellPath = /bin/sh;
			shellScript = "\"${PODS_ROOT}/Target Support Files/Pods-Test/Pods-Test-frameworks.sh\"\n";
			showEnvVarsInLog = 0;
		};
/* End PBXShellScriptBuildPhase section */

/* Begin PBXSourcesBuildPhase section */
		E3D56DE023837D8100786FA9 /* Sources */ = {
			isa = PBXSourcesBuildPhase;
			buildActionMask = 2147483647;
			files = (
				E3699CF82387898200DFC3F0 /* message.m in Sources */,
				E3699CEC2387840300DFC3F0 /* WyMessageCollectionViewCell.m in Sources */,
				E3D56DEF23837D8100786FA9 /* ViewController.m in Sources */,
				E3699CF02387862C00DFC3F0 /* WyMessageTableViewViewController.m in Sources */,
				E3699CF42387868600DFC3F0 /* WYMessageTableViewCell.m in Sources */,
				E3D56DE923837D8100786FA9 /* AppDelegate.m in Sources */,
				E3D56DFA23837D8300786FA9 /* main.m in Sources */,
				E3699CE8238783B800DFC3F0 /* WyMessageViewController.m in Sources */,
				E3D56DEC23837D8100786FA9 /* SceneDelegate.m in Sources */,
			);
			runOnlyForDeploymentPostprocessing = 0;
		};
/* End PBXSourcesBuildPhase section */

/* Begin PBXVariantGroup section */
		E3D56DF023837D8100786FA9 /* Main.storyboard */ = {
			isa = PBXVariantGroup;
			children = (
				E3D56DF123837D8100786FA9 /* Base */,
			);
			name = Main.storyboard;
			sourceTree = "<group>";
		};
		E3D56DF523837D8300786FA9 /* LaunchScreen.storyboard */ = {
			isa = PBXVariantGroup;
			children = (
				E3D56DF623837D8300786FA9 /* Base */,
			);
			name = LaunchScreen.storyboard;
			sourceTree = "<group>";
		};
/* End PBXVariantGroup section */

/* Begin XCBuildConfiguration section */
		E3D56DFB23837D8300786FA9 /* Debug */ = {
			isa = XCBuildConfiguration;
			buildSettings = {
				ALWAYS_SEARCH_USER_PATHS = NO;
				CLANG_ANALYZER_NONNULL = YES;
				CLANG_ANALYZER_NUMBER_OBJECT_CONVERSION = YES_AGGRESSIVE;
				CLANG_CXX_LANGUAGE_STANDARD = "gnu++14";
				CLANG_CXX_LIBRARY = "libc++";
				CLANG_ENABLE_MODULES = YES;
				CLANG_ENABLE_OBJC_ARC = YES;
				CLANG_ENABLE_OBJC_WEAK = YES;
				CLANG_WARN_BLOCK_CAPTURE_AUTORELEASING = YES;
				CLANG_WARN_BOOL_CONVERSION = YES;
				CLANG_WARN_COMMA = YES;
				CLANG_WARN_CONSTANT_CONVERSION = YES;
				CLANG_WARN_DEPRECATED_OBJC_IMPLEMENTATIONS = YES;
				CLANG_WARN_DIRECT_OBJC_ISA_USAGE = YES_ERROR;
				CLANG_WARN_DOCUMENTATION_COMMENTS = YES;
				CLANG_WARN_EMPTY_BODY = YES;
				CLANG_WARN_ENUM_CONVERSION = YES;
				CLANG_WARN_INFINITE_RECURSION = YES;
				CLANG_WARN_INT_CONVERSION = YES;
				CLANG_WARN_NON_LITERAL_NULL_CONVERSION = YES;
				CLANG_WARN_OBJC_IMPLICIT_RETAIN_SELF = YES;
				CLANG_WARN_OBJC_LITERAL_CONVERSION = YES;
				CLANG_WARN_OBJC_ROOT_CLASS = YES_ERROR;
				CLANG_WARN_RANGE_LOOP_ANALYSIS = YES;
				CLANG_WARN_STRICT_PROTOTYPES = YES;
				CLANG_WARN_SUSPICIOUS_MOVE = YES;
				CLANG_WARN_UNGUARDED_AVAILABILITY = YES_AGGRESSIVE;
				CLANG_WARN_UNREACHABLE_CODE = YES;
				CLANG_WARN__DUPLICATE_METHOD_MATCH = YES;
				COPY_PHASE_STRIP = NO;
				DEBUG_INFORMATION_FORMAT = dwarf;
				ENABLE_STRICT_OBJC_MSGSEND = YES;
				ENABLE_TESTABILITY = YES;
				GCC_C_LANGUAGE_STANDARD = gnu11;
				GCC_DYNAMIC_NO_PIC = NO;
				GCC_NO_COMMON_BLOCKS = YES;
				GCC_OPTIMIZATION_LEVEL = 0;
				GCC_PREPROCESSOR_DEFINITIONS = (
					"DEBUG=1",
					"$(inherited)",
				);
				GCC_WARN_64_TO_32_BIT_CONVERSION = YES;
				GCC_WARN_ABOUT_RETURN_TYPE = YES_ERROR;
				GCC_WARN_UNDECLARED_SELECTOR = YES;
				GCC_WARN_UNINITIALIZED_AUTOS = YES_AGGRESSIVE;
				GCC_WARN_UNUSED_FUNCTION = YES;
				GCC_WARN_UNUSED_VARIABLE = YES;
				IPHONEOS_DEPLOYMENT_TARGET = 13.2;
				MTL_ENABLE_DEBUG_INFO = INCLUDE_SOURCE;
				MTL_FAST_MATH = YES;
				ONLY_ACTIVE_ARCH = YES;
				SDKROOT = iphoneos;
			};
			name = Debug;
		};
		E3D56DFC23837D8300786FA9 /* Release */ = {
			isa = XCBuildConfiguration;
			buildSettings = {
				ALWAYS_SEARCH_USER_PATHS = NO;
				CLANG_ANALYZER_NONNULL = YES;
				CLANG_ANALYZER_NUMBER_OBJECT_CONVERSION = YES_AGGRESSIVE;
				CLANG_CXX_LANGUAGE_STANDARD = "gnu++14";
				CLANG_CXX_LIBRARY = "libc++";
				CLANG_ENABLE_MODULES = YES;
				CLANG_ENABLE_OBJC_ARC = YES;
				CLANG_ENABLE_OBJC_WEAK = YES;
				CLANG_WARN_BLOCK_CAPTURE_AUTORELEASING = YES;
				CLANG_WARN_BOOL_CONVERSION = YES;
				CLANG_WARN_COMMA = YES;
				CLANG_WARN_CONSTANT_CONVERSION = YES;
				CLANG_WARN_DEPRECATED_OBJC_IMPLEMENTATIONS = YES;
				CLANG_WARN_DIRECT_OBJC_ISA_USAGE = YES_ERROR;
				CLANG_WARN_DOCUMENTATION_COMMENTS = YES;
				CLANG_WARN_EMPTY_BODY = YES;
				CLANG_WARN_ENUM_CONVERSION = YES;
				CLANG_WARN_INFINITE_RECURSION = YES;
				CLANG_WARN_INT_CONVERSION = YES;
				CLANG_WARN_NON_LITERAL_NULL_CONVERSION = YES;
				CLANG_WARN_OBJC_IMPLICIT_RETAIN_SELF = YES;
				CLANG_WARN_OBJC_LITERAL_CONVERSION = YES;
				CLANG_WARN_OBJC_ROOT_CLASS = YES_ERROR;
				CLANG_WARN_RANGE_LOOP_ANALYSIS = YES;
				CLANG_WARN_STRICT_PROTOTYPES = YES;
				CLANG_WARN_SUSPICIOUS_MOVE = YES;
				CLANG_WARN_UNGUARDED_AVAILABILITY = YES_AGGRESSIVE;
				CLANG_WARN_UNREACHABLE_CODE = YES;
				CLANG_WARN__DUPLICATE_METHOD_MATCH = YES;
				COPY_PHASE_STRIP = NO;
				DEBUG_INFORMATION_FORMAT = "dwarf-with-dsym";
				ENABLE_NS_ASSERTIONS = NO;
				ENABLE_STRICT_OBJC_MSGSEND = YES;
				GCC_C_LANGUAGE_STANDARD = gnu11;
				GCC_NO_COMMON_BLOCKS = YES;
				GCC_WARN_64_TO_32_BIT_CONVERSION = YES;
				GCC_WARN_ABOUT_RETURN_TYPE = YES_ERROR;
				GCC_WARN_UNDECLARED_SELECTOR = YES;
				GCC_WARN_UNINITIALIZED_AUTOS = YES_AGGRESSIVE;
				GCC_WARN_UNUSED_FUNCTION = YES;
				GCC_WARN_UNUSED_VARIABLE = YES;
				IPHONEOS_DEPLOYMENT_TARGET = 13.2;
				MTL_ENABLE_DEBUG_INFO = NO;
				MTL_FAST_MATH = YES;
				SDKROOT = iphoneos;
				VALIDATE_PRODUCT = YES;
			};
			name = Release;
		};
		E3D56DFE23837D8300786FA9 /* Debug */ = {
			isa = XCBuildConfiguration;
			baseConfigurationReference = 85D6A95DDEE52D284293D381 /* Pods-Test.debug.xcconfig */;
			buildSettings = {
				ASSETCATALOG_COMPILER_APPICON_NAME = AppIcon;
				CODE_SIGN_IDENTITY = "Apple Development";
				CODE_SIGN_STYLE = Automatic;
				DEVELOPMENT_TEAM = 89K6MJ2HAL;
				INFOPLIST_FILE = Test/Info.plist;
				LD_RUNPATH_SEARCH_PATHS = (
					"$(inherited)",
					"@executable_path/Frameworks",
				);
				PRODUCT_BUNDLE_IDENTIFIER = xixixhahsahd;
				PRODUCT_NAME = nuonuo;
				PROVISIONING_PROFILE_SPECIFIER = "";
				TARGETED_DEVICE_FAMILY = "1,2";
			};
			name = Debug;
		};
		E3D56DFF23837D8300786FA9 /* Release */ = {
			isa = XCBuildConfiguration;
			baseConfigurationReference = 649700A8F9B045260D5ADD23 /* Pods-Test.release.xcconfig */;
			buildSettings = {
				ASSETCATALOG_COMPILER_APPICON_NAME = AppIcon;
				CODE_SIGN_IDENTITY = "Apple Development";
				CODE_SIGN_STYLE = Automatic;
				DEVELOPMENT_TEAM = 89K6MJ2HAL;
				INFOPLIST_FILE = Test/Info.plist;
				LD_RUNPATH_SEARCH_PATHS = (
					"$(inherited)",
					"@executable_path/Frameworks",
				);
				PRODUCT_BUNDLE_IDENTIFIER = xixixhahsahd;
				PRODUCT_NAME = nuonuo;
				PROVISIONING_PROFILE_SPECIFIER = "";
				TARGETED_DEVICE_FAMILY = "1,2";
			};
			name = Release;
		};
/* End XCBuildConfiguration section */

/* Begin XCConfigurationList section */
		E3D56DDF23837D8100786FA9 /* Build configuration list for PBXProject "Test" */ = {
			isa = XCConfigurationList;
			buildConfigurations = (
				E3D56DFB23837D8300786FA9 /* Debug */,
				E3D56DFC23837D8300786FA9 /* Release */,
			);
			defaultConfigurationIsVisible = 0;
			defaultConfigurationName = Release;
		};
		E3D56DFD23837D8300786FA9 /* Build configuration list for PBXNativeTarget "Test" */ = {
			isa = XCConfigurationList;
			buildConfigurations = (
				E3D56DFE23837D8300786FA9 /* Debug */,
				E3D56DFF23837D8300786FA9 /* Release */,
			);
			defaultConfigurationIsVisible = 0;
			defaultConfigurationName = Release;
		};
/* End XCConfigurationList section */
	};
	rootObject = E3D56DDC23837D8100786FA9 /* Project object */;
}
